
Microsoft Visual Studio Solution File, Format Version 12.00
# Visual Studio Version 17
VisualStudioVersion = 17.12.35527.113
MinimumVisualStudioVersion = 10.0.40219.1
Project("{FAE04EC0-301F-11D3-BF4B-00C04F79EFBC}") = "ConsoleApp1", "ConsoleApp1\ConsoleApp1.csproj", "{6E5BCE6A-7929-4C2A-81B4-32DCEF11245C}"
EndProject
Project("{FAE04EC0-301F-11D3-BF4B-00C04F79EFBC}") = "Afas.Bvr.Core", "Afas.Bvr.Core\Afas.Bvr.Core.csproj", "{B53511A2-72CB-425E-8B0E-44CEB555A637}"
EndProject
Project("{FAE04EC0-301F-11D3-BF4B-00C04F79EFBC}") = "Afas.Bvr.Crm", "Afas.Bvr.Crm\Afas.Bvr.Crm.csproj", "{83F6A553-C8BB-43E0-9A49-6BA842CA3D80}"
EndProject
Project("{FAE04EC0-301F-11D3-BF4B-00C04F79EFBC}") = "Afas.Bvr.Core.Tests", "Afas.Bvr.Core.Tests\Afas.Bvr.Core.Tests.csproj", "{BDFE2394-1537-456A-96FE-BA4453A0918E}"
EndProject
Global
	GlobalSection(SolutionConfigurationPlatforms) = preSolution
		Debug|Any CPU = Debug|Any CPU
		Release|Any CPU = Release|Any CPU
	EndGlobalSection
	GlobalSection(ProjectConfigurationPlatforms) = postSolution
		{6E5BCE6A-7929-4C2A-81B4-32DCEF11245C}.Debug|Any CPU.ActiveCfg = Debug|Any CPU
		{6E5BCE6A-7929-4C2A-81B4-32DCEF11245C}.Debug|Any CPU.Build.0 = Debug|Any CPU
		{6E5BCE6A-7929-4C2A-81B4-32DCEF11245C}.Release|Any CPU.ActiveCfg = Release|Any CPU
		{6E5BCE6A-7929-4C2A-81B4-32DCEF11245C}.Release|Any CPU.Build.0 = Release|Any CPU
		{B53511A2-72CB-425E-8B0E-44CEB555A637}.Debug|Any CPU.ActiveCfg = Debug|Any CPU
		{B53511A2-72CB-425E-8B0E-44CEB555A637}.Debug|Any CPU.Build.0 = Debug|Any CPU
		{B53511A2-72CB-425E-8B0E-44CEB555A637}.Release|Any CPU.ActiveCfg = Release|Any CPU
		{B53511A2-72CB-425E-8B0E-44CEB555A637}.Release|Any CPU.Build.0 = Release|Any CPU
		{83F6A553-C8BB-43E0-9A49-6BA842CA3D80}.Debug|Any CPU.ActiveCfg = Debug|Any CPU
		{83F6A553-C8BB-43E0-9A49-6BA842CA3D80}.Debug|Any CPU.Build.0 = Debug|Any CPU
		{83F6A553-C8BB-43E0-9A49-6BA842CA3D80}.Release|Any CPU.ActiveCfg = Release|Any CPU
		{83F6A553-C8BB-43E0-9A49-6BA842CA3D80}.Release|Any CPU.Build.0 = Release|Any CPU
		{BDFE2394-1537-456A-96FE-BA4453A0918E}.Debug|Any CPU.ActiveCfg = Debug|Any CPU
		{BDFE2394-1537-456A-96FE-BA4453A0918E}.Debug|Any CPU.Build.0 = Debug|Any CPU
		{BDFE2394-1537-456A-96FE-BA4453A0918E}.Release|Any CPU.ActiveCfg = Release|Any CPU
		{BDFE2394-1537-456A-96FE-BA4453A0918E}.Release|Any CPU.Build.0 = Release|Any CPU
	EndGlobalSection
	GlobalSection(SolutionProperties) = preSolution
		HideSolutionNode = FALSE
	EndGlobalSection
EndGlobal
